# THIS IS AN AUTOGENERATED FILE. DO NOT EDIT THIS FILE DIRECTLY.
# yarn lockfile v1


"@faker-js/faker@^9.0.1":
  version "9.0.1"
  resolved "https://registry.npmjs.org/@faker-js/faker/-/faker-9.0.1.tgz"
  integrity sha512-4mDeYIgM3By7X6t5E6eYwLAa+2h4DeZDF7thhzIg6XB76jeEvMwadYAMCFJL/R4AnEBcAUO9+gL0vhy3s+qvZA==

"@playwright/test@^1.43.1":
  version "1.44.1"
  resolved "https://registry.npmjs.org/@playwright/test/-/test-1.44.1.tgz"
  integrity sha512-1hZ4TNvD5z9VuhNJ/walIjvMVvYkZKf71axoF/uiAqpntQJXpG64dlXhoDXE3OczPuTuvjf/M5KWFg5VAVUS3Q==
  dependencies:
    playwright "1.44.1"

"@types/node@^20.12.7":
  version "20.14.5"
  resolved "https://registry.npmjs.org/@types/node/-/node-20.14.5.tgz"
  integrity sha512-aoRR+fJkZT2l0aGOJhuA8frnCSoNX6W7U2mpNq63+BxBIj5BQFt8rHy627kijCmm63ijdSdwvGgpUsU6MBsZZA==
  dependencies:
    undici-types "~5.26.4"

assertion-error@^1.1.0:
  version "1.1.0"
  resolved "https://registry.npmjs.org/assertion-error/-/assertion-error-1.1.0.tgz"
  integrity sha512-jgsaNduz+ndvGyFt3uSuWqvy4lCnIJiovtouQN5JZHOKCS2QuhEdbcQHFhVksz2N2U9hXJo8odG7ETyWlEeuDw==

chai-json-schema@^1.5.1:
  version "1.5.1"
  resolved "https://registry.npmjs.org/chai-json-schema/-/chai-json-schema-1.5.1.tgz"
  integrity sha512-TR/xPDxRhqwFFCWg1HgL8nNWbpNfUwaib6pBN++QKpnd0t+o3+MBvAn5CM1mpdUMaM76oJAtUjGKdjGad01lIA==
  dependencies:
    jsonpointer.js "0.4.0"
    tv4 "^1.3.0"

"chai@>= 1.6.1 < 5":
  version "4.5.0"
  resolved "https://registry.npmjs.org/chai/-/chai-4.5.0.tgz"
  integrity sha512-RITGBfijLkBddZvnn8jdqoTypxvqbOLYQkGGxXzeFjVHvudaPw0HNFD9x928/eUwYWd2dPCugVqspGALTZZQKw==
  dependencies:
    assertion-error "^1.1.0"
    check-error "^1.0.3"
    deep-eql "^4.1.3"
    get-func-name "^2.0.2"
    loupe "^2.3.6"
    pathval "^1.1.1"
    type-detect "^4.1.0"

check-error@^1.0.3:
  version "1.0.3"
  resolved "https://registry.npmjs.org/check-error/-/check-error-1.0.3.tgz"
  integrity sha512-iKEoDYaRmd1mxM90a2OEfWhjsjPpYPuQ+lMYsoxB126+t8fw7ySEO48nmDg5COTjxDI65/Y2OWpeEHk3ZOe8zg==
  dependencies:
    get-func-name "^2.0.2"

deep-eql@^4.1.3:
  version "4.1.4"
  resolved "https://registry.npmjs.org/deep-eql/-/deep-eql-4.1.4.tgz"
  integrity sha512-SUwdGfqdKOwxCPeVYjwSyRpJ7Z+fhpwIAtmCUdZIWZ/YP5R9WAsyuSgpLVDi9bjWoN2LXHNss/dk3urXtdQxGg==
  dependencies:
    type-detect "^4.0.0"

dotenv@^16.4.5:
  version "16.4.5"
  resolved "https://registry.npmjs.org/dotenv/-/dotenv-16.4.5.tgz"
  integrity sha512-ZmdL2rui+eB2YwhsWzjInR8LldtZHGDoQ1ugH85ppHKwpUHL7j7rN0Ti9NCnGiQbhaZ11FpR+7ao1dNsmduNUg==

get-func-name@^2.0.1, get-func-name@^2.0.2:
  version "2.0.2"
  resolved "https://registry.npmjs.org/get-func-name/-/get-func-name-2.0.2.tgz"
  integrity sha512-8vXOvuE167CtIc3OyItco7N/dpRtBbYOsPsXCz7X/PMnlGjYjSGuZJgM1Y7mmew7BKf9BqvLX2tnOVy1BBUsxQ==

jsonpointer.js@0.4.0:
  version "0.4.0"
  resolved "https://registry.npmjs.org/jsonpointer.js/-/jsonpointer.js-0.4.0.tgz"
  integrity sha512-2bf/1crAmPpsmj1I6rDT6W0SOErkrNBpb555xNWcMVWYrX6VnXpG0GRMQ2shvOHwafpfse8q0gnzPFYVH6Tqdg==

loupe@^2.3.6:
  version "2.3.7"
  resolved "https://registry.npmjs.org/loupe/-/loupe-2.3.7.tgz"
  integrity sha512-zSMINGVYkdpYSOBmLi0D1Uo7JU9nVdQKrHxC8eYlV+9YKK9WePqAlL7lSlorG/U2Fw1w0hTBmaa/jrQ3UbPHtA==
  dependencies:
    get-func-name "^2.0.1"

pathval@^1.1.1:
  version "1.1.1"
  resolved "https://registry.npmjs.org/pathval/-/pathval-1.1.1.tgz"
  integrity sha512-Dp6zGqpTdETdR63lehJYPeIOqpiNBNtc7BpWSLrOje7UaIsE5aY92r/AunQA7rsXvet3lrJ3JnZX29UPTKXyKQ==

playwright-core@1.44.1:
  version "1.44.1"
  resolved "https://registry.npmjs.org/playwright-core/-/playwright-core-1.44.1.tgz"
  integrity sha512-wh0JWtYTrhv1+OSsLPgFzGzt67Y7BE/ZS3jEqgGBlp2ppp1ZDj8c+9IARNW4dwf1poq5MgHreEM2KV/GuR4cFA==

playwright@1.44.1:
  version "1.44.1"
  resolved "https://registry.npmjs.org/playwright/-/playwright-1.44.1.tgz"
  integrity sha512-qr/0UJ5CFAtloI3avF95Y0L1xQo6r3LQArLIg/z/PoGJ6xa+EwzrwO5lpNr/09STxdHuUoP2mvuELJS+hLdtgg==
  dependencies:
    playwright-core "1.44.1"
  optionalDependencies:
    fsevents "2.3.2"

tv4@^1.3.0:
  version "1.3.0"
  resolved "https://registry.npmjs.org/tv4/-/tv4-1.3.0.tgz"
  integrity sha512-afizzfpJgvPr+eDkREK4MxJ/+r8nEEHcmitwgnPUqpaP+FpwQyadnxNoSACbgc/b1LsZYtODGoPiFxQrgJgjvw==

type-detect@^4.0.0, type-detect@^4.1.0:
  version "4.1.0"
  resolved "https://registry.npmjs.org/type-detect/-/type-detect-4.1.0.tgz"
  integrity sha512-Acylog8/luQ8L7il+geoSxhEkazvkslg7PSNKOX59mbB9cOveP5aq9h74Y7YU8yDpJwetzQQrfIwtf4Wp4LKcw==

undici-types@~5.26.4:
  version "5.26.5"
  resolved "https://registry.npmjs.org/undici-types/-/undici-types-5.26.5.tgz"
  integrity sha512-JlCMO+ehdEIKqlFxk6IfVoAUVmgz7cU7zD/h9XZ0qzeosSHmUJVOzSQvvYSYWXkFXC+IfLKSIffhv0sVZup6pA==
